
Microsoft Visual Studio Solution File, Format Version 12.00
# Visual Studio Version 17
VisualStudioVersion = 17.2.32516.85
MinimumVisualStudioVersion = 10.0.40219.1
Project("{FAE04EC0-301F-11D3-BF4B-00C04F79EFBC}") = "Cloud.File.Storage.Manager.Common", "Cloud.File.Storage.Manager.Common\Cloud.File.Storage.Manager.Common.csproj", "{C080EEA5-E62D-4929-8798-F27A8BB76FEC}"
EndProject
Project("{FAE04EC0-301F-11D3-BF4B-00C04F79EFBC}") = "Cloud.File.Storage.Manager.AzureBlob", "Cloud.File.Storage.Manager.AzureBlob\Cloud.File.Storage.Manager.AzureBlob.csproj", "{3FF914DE-85E0-44FA-BACF-719F9D9CBAC2}"
EndProject
Global
	GlobalSection(SolutionConfigurationPlatforms) = preSolution
		Debug|Any CPU = Debug|Any CPU
		Release|Any CPU = Release|Any CPU
	EndGlobalSection
	GlobalSection(ProjectConfigurationPlatforms) = postSolution
		{C080EEA5-E62D-4929-8798-F27A8BB76FEC}.Debug|Any CPU.ActiveCfg = Debug|Any CPU
		{C080EEA5-E62D-4929-8798-F27A8BB76FEC}.Debug|Any CPU.Build.0 = Debug|Any CPU
		{C080EEA5-E62D-4929-8798-F27A8BB76FEC}.Release|Any CPU.ActiveCfg = Release|Any CPU
		{C080EEA5-E62D-4929-8798-F27A8BB76FEC}.Release|Any CPU.Build.0 = Release|Any CPU
		{3FF914DE-85E0-44FA-BACF-719F9D9CBAC2}.Debug|Any CPU.ActiveCfg = Debug|Any CPU
		{3FF914DE-85E0-44FA-BACF-719F9D9CBAC2}.Debug|Any CPU.Build.0 = Debug|Any CPU
		{3FF914DE-85E0-44FA-BACF-719F9D9CBAC2}.Release|Any CPU.ActiveCfg = Release|Any CPU
		{3FF914DE-85E0-44FA-BACF-719F9D9CBAC2}.Release|Any CPU.Build.0 = Release|Any CPU
	EndGlobalSection
	GlobalSection(SolutionProperties) = preSolution
		HideSolutionNode = FALSE
	EndGlobalSection
	GlobalSection(ExtensibilityGlobals) = postSolution
		SolutionGuid = {3589C95A-2CCA-4942-B944-9F4E3813539D}
	EndGlobalSection
EndGlobal
